
Microsoft Visual Studio Solution File, Format Version 12.00
# Visual Studio Version 17
VisualStudioVersion = 17.7.34031.279
MinimumVisualStudioVersion = 10.0.40219.1
Project("{FAE04EC0-301F-11D3-BF4B-00C04F79EFBC}") = "ejercicio4ColumnasFilas", "ejercicio4ColumnasFilas.csproj", "{3BDCA5CA-3A8D-4C15-93A3-0BB38FA757A6}"
EndProject
Global
	GlobalSection(SolutionConfigurationPlatforms) = preSolution
		Debug|Any CPU = Debug|Any CPU
		Release|Any CPU = Release|Any CPU
	EndGlobalSection
	GlobalSection(ProjectConfigurationPlatforms) = postSolution
		{3BDCA5CA-3A8D-4C15-93A3-0BB38FA757A6}.Debug|Any CPU.ActiveCfg = Debug|Any CPU
		{3BDCA5CA-3A8D-4C15-93A3-0BB38FA757A6}.Debug|Any CPU.Build.0 = Debug|Any CPU
		{3BDCA5CA-3A8D-4C15-93A3-0BB38FA757A6}.Release|Any CPU.ActiveCfg = Release|Any CPU
		{3BDCA5CA-3A8D-4C15-93A3-0BB38FA757A6}.Release|Any CPU.Build.0 = Release|Any CPU
	EndGlobalSection
	GlobalSection(SolutionProperties) = preSolution
		HideSolutionNode = FALSE
	EndGlobalSection
	GlobalSection(ExtensibilityGlobals) = postSolution
		SolutionGuid = {CEA70F83-ABCC-455F-9E45-8FA526438348}
	EndGlobalSection
EndGlobal
